// !$*UTF8*$!
{
	archiveVersion = 1;
	classes = {
	};
	objectVersion = 46;
	objects = {

/* Begin PBXBuildFile section */
		0C08D9F319B0BCD2008E27F6 /* CREBindingUnit.h in Headers */ = {isa = PBXBuildFile; fileRef = 0C08D9F119B0BCD2008E27F6 /* CREBindingUnit.h */; settings = {ATTRIBUTES = (Public, ); }; };
		0C08D9F419B0BCD2008E27F6 /* CREBindingUnit.m in Sources */ = {isa = PBXBuildFile; fileRef = 0C08D9F219B0BCD2008E27F6 /* CREBindingUnit.m */; };
		0C25CB0A19C0618700A5DC40 /* BindKitRemoteTests.m in Sources */ = {isa = PBXBuildFile; fileRef = 0C25CB0919C0618700A5DC40 /* BindKitRemoteTests.m */; };
		0C6A435019D1D2380069AA60 /* CREMapperProtocol.h in Headers */ = {isa = PBXBuildFile; fileRef = 0C6A434F19D1D2380069AA60 /* CREMapperProtocol.h */; settings = {ATTRIBUTES = (Public, ); }; };
		0C6A435219D1D29A0069AA60 /* BindKitErrorMessages.plist in Resources */ = {isa = PBXBuildFile; fileRef = 0C6A435119D1D29A0069AA60 /* BindKitErrorMessages.plist */; };
		0C6A435419D1D2B20069AA60 /* BindKitRelationTests.m in Sources */ = {isa = PBXBuildFile; fileRef = 0C6A435319D1D2B20069AA60 /* BindKitRelationTests.m */; };
		0C6A435719D1D2D20069AA60 /* CRETestModel.m in Sources */ = {isa = PBXBuildFile; fileRef = 0C6A435619D1D2D20069AA60 /* CRETestModel.m */; };
		0C6A435B19D1D3730069AA60 /* CRENumberDateTransformer.h in Headers */ = {isa = PBXBuildFile; fileRef = 0C6A435919D1D3730069AA60 /* CRENumberDateTransformer.h */; };
		0C6A435C19D1D3730069AA60 /* CRENumberDateTransformer.m in Sources */ = {isa = PBXBuildFile; fileRef = 0C6A435A19D1D3730069AA60 /* CRENumberDateTransformer.m */; };
		0CB7A32019ADC31D0020FBD5 /* BindKit.h in Headers */ = {isa = PBXBuildFile; fileRef = 0CB7A31F19ADC31D0020FBD5 /* BindKit.h */; settings = {ATTRIBUTES = (Public, ); }; };
		0CB7A35919ADED160020FBD5 /* CREBinder.h in Headers */ = {isa = PBXBuildFile; fileRef = 0CB7A35719ADED160020FBD5 /* CREBinder.h */; settings = {ATTRIBUTES = (Public, ); }; };
		0CB7A35A19ADED160020FBD5 /* CREBinder.m in Sources */ = {isa = PBXBuildFile; fileRef = 0CB7A35819ADED160020FBD5 /* CREBinder.m */; };
		0CB7A36019AE0BC20020FBD5 /* NSError+BinderKit.h in Headers */ = {isa = PBXBuildFile; fileRef = 0CB7A35E19AE0BC20020FBD5 /* NSError+BinderKit.h */; settings = {ATTRIBUTES = (Public, ); }; };
		0CB7A36119AE0BC20020FBD5 /* NSError+BinderKit.m in Sources */ = {isa = PBXBuildFile; fileRef = 0CB7A35F19AE0BC20020FBD5 /* NSError+BinderKit.m */; };
		0CBA0A8E19C849CB009C2C09 /* CREBindProtocol.h in Headers */ = {isa = PBXBuildFile; fileRef = 0CBA0A8D19C849CB009C2C09 /* CREBindProtocol.h */; settings = {ATTRIBUTES = (Public, ); }; };
		0CBB594219AE2FB900CED34E /* BindKit.framework in Frameworks */ = {isa = PBXBuildFile; fileRef = 0CB7A31A19ADC31D0020FBD5 /* BindKit.framework */; };
		0CBE0E8219AF7644007AE6DD /* CREBindRelation.h in Headers */ = {isa = PBXBuildFile; fileRef = 0CBE0E8019AF7644007AE6DD /* CREBindRelation.h */; settings = {ATTRIBUTES = (Public, ); }; };
		0CBE0E8319AF7644007AE6DD /* CREBindRelation.m in Sources */ = {isa = PBXBuildFile; fileRef = 0CBE0E8119AF7644007AE6DD /* CREBindRelation.m */; };
		0CD65FEA19D3139200FDA9D5 /* NSError+BinderKit.m in Sources */ = {isa = PBXBuildFile; fileRef = 0CB7A35F19AE0BC20020FBD5 /* NSError+BinderKit.m */; };
		0CD65FEB19D3139200FDA9D5 /* CREBinder.m in Sources */ = {isa = PBXBuildFile; fileRef = 0CB7A35819ADED160020FBD5 /* CREBinder.m */; };
		0CD65FEC19D3139200FDA9D5 /* CREBindRelation.m in Sources */ = {isa = PBXBuildFile; fileRef = 0CBE0E8119AF7644007AE6DD /* CREBindRelation.m */; };
		0CD65FED19D3139200FDA9D5 /* CREBindingUnit.m in Sources */ = {isa = PBXBuildFile; fileRef = 0C08D9F219B0BCD2008E27F6 /* CREBindingUnit.m */; };
		0CD65FEE19D3139200FDA9D5 /* CREValueTransformer.m in Sources */ = {isa = PBXBuildFile; fileRef = 0CDED07519C996CD00F4ADD9 /* CREValueTransformer.m */; };
		0CD65FEF19D3139200FDA9D5 /* CREDataImageTransformer.m in Sources */ = {isa = PBXBuildFile; fileRef = 0CDED07C19C996CD00F4ADD9 /* CREDataImageTransformer.m */; };
		0CD65FF019D3139200FDA9D5 /* CREImagePNGDataTransformer.m in Sources */ = {isa = PBXBuildFile; fileRef = 0CDED09119CAADFB00F4ADD9 /* CREImagePNGDataTransformer.m */; };
		0CD65FF119D3139200FDA9D5 /* CRENegateTransformer.m in Sources */ = {isa = PBXBuildFile; fileRef = 0CDED07B19C996CD00F4ADD9 /* CRENegateTransformer.m */; };
		0CD65FF219D3139200FDA9D5 /* CREIsNilTransformer.m in Sources */ = {isa = PBXBuildFile; fileRef = 0CDED09519CAAF7000F4ADD9 /* CREIsNilTransformer.m */; };
		0CD65FF319D3139200FDA9D5 /* CRENumberDateTransformer.m in Sources */ = {isa = PBXBuildFile; fileRef = 0C6A435A19D1D3730069AA60 /* CRENumberDateTransformer.m */; };
		0CD65FF419D3139200FDA9D5 /* CRERemoteBindingRelation.m in Sources */ = {isa = PBXBuildFile; fileRef = 0CDE521119B639BE00412662 /* CRERemoteBindingRelation.m */; };
		0CD65FF519D3139200FDA9D5 /* CRESocialServicesRelation.m in Sources */ = {isa = PBXBuildFile; fileRef = 0CDED08719C9AA3000F4ADD9 /* CRESocialServicesRelation.m */; };
		0CD65FF719D313B000FDA9D5 /* BindKit.h in Headers */ = {isa = PBXBuildFile; fileRef = 0CB7A31F19ADC31D0020FBD5 /* BindKit.h */; settings = {ATTRIBUTES = (Public, ); }; };
		0CD65FF819D313B000FDA9D5 /* CREBindProtocol.h in Headers */ = {isa = PBXBuildFile; fileRef = 0CBA0A8D19C849CB009C2C09 /* CREBindProtocol.h */; settings = {ATTRIBUTES = (Public, ); }; };
		0CD65FFA19D313B000FDA9D5 /* CREBinder.h in Headers */ = {isa = PBXBuildFile; fileRef = 0CB7A35719ADED160020FBD5 /* CREBinder.h */; settings = {ATTRIBUTES = (Public, ); }; };
		0CD65FFB19D313B000FDA9D5 /* CREBindRelation.h in Headers */ = {isa = PBXBuildFile; fileRef = 0CBE0E8019AF7644007AE6DD /* CREBindRelation.h */; settings = {ATTRIBUTES = (Public, ); }; };
		0CD65FFC19D313D300FDA9D5 /* CREBindingUnit.h in Headers */ = {isa = PBXBuildFile; fileRef = 0C08D9F119B0BCD2008E27F6 /* CREBindingUnit.h */; settings = {ATTRIBUTES = (Public, ); }; };
		0CD65FFE19D313D300FDA9D5 /* CREDataImageTransformer.h in Headers */ = {isa = PBXBuildFile; fileRef = 0CDED07819C996CD00F4ADD9 /* CREDataImageTransformer.h */; };
		0CD65FFF19D313D300FDA9D5 /* CREImagePNGDataTransformer.h in Headers */ = {isa = PBXBuildFile; fileRef = 0CDED09019CAADFB00F4ADD9 /* CREImagePNGDataTransformer.h */; };
		0CD6600019D313D300FDA9D5 /* CRENegateTransformer.h in Headers */ = {isa = PBXBuildFile; fileRef = 0CDED07A19C996CD00F4ADD9 /* CRENegateTransformer.h */; };
		0CD6600119D313D300FDA9D5 /* CREIsNilTransformer.h in Headers */ = {isa = PBXBuildFile; fileRef = 0CDED09419CAAF7000F4ADD9 /* CREIsNilTransformer.h */; };
		0CD6600219D313D300FDA9D5 /* CRENumberDateTransformer.h in Headers */ = {isa = PBXBuildFile; fileRef = 0C6A435919D1D3730069AA60 /* CRENumberDateTransformer.h */; };
		0CD6600319D313D300FDA9D5 /* CRERemoteBindingRelation.h in Headers */ = {isa = PBXBuildFile; fileRef = 0CDE521019B639BE00412662 /* CRERemoteBindingRelation.h */; settings = {ATTRIBUTES = (Public, ); }; };
		0CD6600419D313D300FDA9D5 /* CRESocialServicesRelation.h in Headers */ = {isa = PBXBuildFile; fileRef = 0CDED08619C9AA3000F4ADD9 /* CRESocialServicesRelation.h */; };
		0CD6600919D32D5200FDA9D5 /* NSError+BinderKit.h in Headers */ = {isa = PBXBuildFile; fileRef = 0CB7A35E19AE0BC20020FBD5 /* NSError+BinderKit.h */; settings = {ATTRIBUTES = (Public, ); }; };
		0CD6601419D3314F00FDA9D5 /* CREMapperProtocol.h in Headers */ = {isa = PBXBuildFile; fileRef = 0C6A434F19D1D2380069AA60 /* CREMapperProtocol.h */; settings = {ATTRIBUTES = (Public, ); }; };
		0CD6601519D3315800FDA9D5 /* CREValueTransformer.h in Headers */ = {isa = PBXBuildFile; fileRef = 0CDED07619C996CD00F4ADD9 /* CREValueTransformer.h */; settings = {ATTRIBUTES = (Public, ); }; };
		0CDE521219B639BE00412662 /* CRERemoteBindingRelation.h in Headers */ = {isa = PBXBuildFile; fileRef = 0CDE521019B639BE00412662 /* CRERemoteBindingRelation.h */; settings = {ATTRIBUTES = (Public, ); }; };
		0CDE521319B639BE00412662 /* CRERemoteBindingRelation.m in Sources */ = {isa = PBXBuildFile; fileRef = 0CDE521119B639BE00412662 /* CRERemoteBindingRelation.m */; };
		0CDED07D19C996CD00F4ADD9 /* CREValueTransformer.m in Sources */ = {isa = PBXBuildFile; fileRef = 0CDED07519C996CD00F4ADD9 /* CREValueTransformer.m */; };
		0CDED07E19C996CD00F4ADD9 /* CREValueTransformer.h in Headers */ = {isa = PBXBuildFile; fileRef = 0CDED07619C996CD00F4ADD9 /* CREValueTransformer.h */; settings = {ATTRIBUTES = (Public, ); }; };
		0CDED08019C996CD00F4ADD9 /* CREDataImageTransformer.h in Headers */ = {isa = PBXBuildFile; fileRef = 0CDED07819C996CD00F4ADD9 /* CREDataImageTransformer.h */; };
		0CDED08219C996CD00F4ADD9 /* CRENegateTransformer.h in Headers */ = {isa = PBXBuildFile; fileRef = 0CDED07A19C996CD00F4ADD9 /* CRENegateTransformer.h */; };
		0CDED08319C996CD00F4ADD9 /* CRENegateTransformer.m in Sources */ = {isa = PBXBuildFile; fileRef = 0CDED07B19C996CD00F4ADD9 /* CRENegateTransformer.m */; };
		0CDED08419C996CD00F4ADD9 /* CREDataImageTransformer.m in Sources */ = {isa = PBXBuildFile; fileRef = 0CDED07C19C996CD00F4ADD9 /* CREDataImageTransformer.m */; };
		0CDED08819C9AA3000F4ADD9 /* CRESocialServicesRelation.h in Headers */ = {isa = PBXBuildFile; fileRef = 0CDED08619C9AA3000F4ADD9 /* CRESocialServicesRelation.h */; };
		0CDED08919C9AA3000F4ADD9 /* CRESocialServicesRelation.m in Sources */ = {isa = PBXBuildFile; fileRef = 0CDED08719C9AA3000F4ADD9 /* CRESocialServicesRelation.m */; };
		0CDED09219CAADFB00F4ADD9 /* CREImagePNGDataTransformer.h in Headers */ = {isa = PBXBuildFile; fileRef = 0CDED09019CAADFB00F4ADD9 /* CREImagePNGDataTransformer.h */; };
		0CDED09319CAADFB00F4ADD9 /* CREImagePNGDataTransformer.m in Sources */ = {isa = PBXBuildFile; fileRef = 0CDED09119CAADFB00F4ADD9 /* CREImagePNGDataTransformer.m */; };
		0CDED09619CAAF7000F4ADD9 /* CREIsNilTransformer.h in Headers */ = {isa = PBXBuildFile; fileRef = 0CDED09419CAAF7000F4ADD9 /* CREIsNilTransformer.h */; };
		0CDED09719CAAF7000F4ADD9 /* CREIsNilTransformer.m in Sources */ = {isa = PBXBuildFile; fileRef = 0CDED09519CAAF7000F4ADD9 /* CREIsNilTransformer.m */; };
		0CDED14019CAF46F00F4ADD9 /* cc-logo.png in Resources */ = {isa = PBXBuildFile; fileRef = 0CDED13F19CAF46F00F4ADD9 /* cc-logo.png */; };
		0CDED14219CB01AA00F4ADD9 /* BindKitValueTransformerTests.m in Sources */ = {isa = PBXBuildFile; fileRef = 0CDED14119CB01AA00F4ADD9 /* BindKitValueTransformerTests.m */; };
		0CDED14419CB02AC00F4ADD9 /* BindKitBaseTests.m in Sources */ = {isa = PBXBuildFile; fileRef = 0CDED14319CB02AC00F4ADD9 /* BindKitBaseTests.m */; };
		0CDED14719CB063400F4ADD9 /* BindKitTestCase.m in Sources */ = {isa = PBXBuildFile; fileRef = 0CDED14619CB063400F4ADD9 /* BindKitTestCase.m */; };
		0CF7B40919C09AAF001E1678 /* CREBindTestHelper.m in Sources */ = {isa = PBXBuildFile; fileRef = 0CF7B40519C0940B001E1678 /* CREBindTestHelper.m */; };
/* End PBXBuildFile section */

/* Begin PBXCopyFilesBuildPhase section */
		0CD65FD419D3129000FDA9D5 /* CopyFiles */ = {
			isa = PBXCopyFilesBuildPhase;
			buildActionMask = 2147483647;
			dstPath = "include/$(PRODUCT_NAME)";
			dstSubfolderSpec = 16;
			files = (
			);
			runOnlyForDeploymentPostprocessing = 0;
		};
/* End PBXCopyFilesBuildPhase section */

/* Begin PBXFileReference section */
		0C08D9F119B0BCD2008E27F6 /* CREBindingUnit.h */ = {isa = PBXFileReference; fileEncoding = 4; lastKnownFileType = sourcecode.c.h; lineEnding = 0; path = CREBindingUnit.h; sourceTree = "<group>"; xcLanguageSpecificationIdentifier = xcode.lang.objcpp; };
		0C08D9F219B0BCD2008E27F6 /* CREBindingUnit.m */ = {isa = PBXFileReference; fileEncoding = 4; lastKnownFileType = sourcecode.c.objc; lineEnding = 0; path = CREBindingUnit.m; sourceTree = "<group>"; xcLanguageSpecificationIdentifier = xcode.lang.objc; };
		0C25CB0919C0618700A5DC40 /* BindKitRemoteTests.m */ = {isa = PBXFileReference; fileEncoding = 4; lastKnownFileType = sourcecode.c.objc; lineEnding = 0; path = BindKitRemoteTests.m; sourceTree = "<group>"; xcLanguageSpecificationIdentifier = xcode.lang.objc; };
		0C6A434F19D1D2380069AA60 /* CREMapperProtocol.h */ = {isa = PBXFileReference; fileEncoding = 4; lastKnownFileType = sourcecode.c.h; path = CREMapperProtocol.h; sourceTree = "<group>"; };
		0C6A435119D1D29A0069AA60 /* BindKitErrorMessages.plist */ = {isa = PBXFileReference; fileEncoding = 4; lastKnownFileType = text.plist.xml; path = BindKitErrorMessages.plist; sourceTree = "<group>"; };
		0C6A435319D1D2B20069AA60 /* BindKitRelationTests.m */ = {isa = PBXFileReference; fileEncoding = 4; lastKnownFileType = sourcecode.c.objc; path = BindKitRelationTests.m; sourceTree = "<group>"; };
		0C6A435519D1D2D20069AA60 /* CRETestModel.h */ = {isa = PBXFileReference; fileEncoding = 4; lastKnownFileType = sourcecode.c.h; path = CRETestModel.h; sourceTree = "<group>"; };
		0C6A435619D1D2D20069AA60 /* CRETestModel.m */ = {isa = PBXFileReference; fileEncoding = 4; lastKnownFileType = sourcecode.c.objc; path = CRETestModel.m; sourceTree = "<group>"; };
		0C6A435919D1D3730069AA60 /* CRENumberDateTransformer.h */ = {isa = PBXFileReference; fileEncoding = 4; lastKnownFileType = sourcecode.c.h; path = CRENumberDateTransformer.h; sourceTree = "<group>"; };
		0C6A435A19D1D3730069AA60 /* CRENumberDateTransformer.m */ = {isa = PBXFileReference; fileEncoding = 4; lastKnownFileType = sourcecode.c.objc; path = CRENumberDateTransformer.m; sourceTree = "<group>"; };
		0CB7A31A19ADC31D0020FBD5 /* BindKit.framework */ = {isa = PBXFileReference; explicitFileType = wrapper.framework; includeInIndex = 0; path = BindKit.framework; sourceTree = BUILT_PRODUCTS_DIR; };
		0CB7A31E19ADC31D0020FBD5 /* Info.plist */ = {isa = PBXFileReference; lastKnownFileType = text.plist.xml; path = Info.plist; sourceTree = "<group>"; };
		0CB7A31F19ADC31D0020FBD5 /* BindKit.h */ = {isa = PBXFileReference; lastKnownFileType = sourcecode.c.h; lineEnding = 0; path = BindKit.h; sourceTree = "<group>"; xcLanguageSpecificationIdentifier = xcode.lang.objcpp; };
		0CB7A32519ADC31D0020FBD5 /* BindKitTests.xctest */ = {isa = PBXFileReference; explicitFileType = wrapper.cfbundle; includeInIndex = 0; path = BindKitTests.xctest; sourceTree = BUILT_PRODUCTS_DIR; };
		0CB7A32819ADC31D0020FBD5 /* Info.plist */ = {isa = PBXFileReference; lastKnownFileType = text.plist.xml; path = Info.plist; sourceTree = "<group>"; };
		0CB7A35719ADED160020FBD5 /* CREBinder.h */ = {isa = PBXFileReference; fileEncoding = 4; lastKnownFileType = sourcecode.c.h; lineEnding = 0; path = CREBinder.h; sourceTree = "<group>"; xcLanguageSpecificationIdentifier = xcode.lang.objcpp; };
		0CB7A35819ADED160020FBD5 /* CREBinder.m */ = {isa = PBXFileReference; fileEncoding = 4; lastKnownFileType = sourcecode.c.objc; lineEnding = 0; path = CREBinder.m; sourceTree = "<group>"; xcLanguageSpecificationIdentifier = xcode.lang.objc; };
		0CB7A35E19AE0BC20020FBD5 /* NSError+BinderKit.h */ = {isa = PBXFileReference; fileEncoding = 4; lastKnownFileType = sourcecode.c.h; lineEnding = 0; path = "NSError+BinderKit.h"; sourceTree = "<group>"; xcLanguageSpecificationIdentifier = xcode.lang.objcpp; };
		0CB7A35F19AE0BC20020FBD5 /* NSError+BinderKit.m */ = {isa = PBXFileReference; fileEncoding = 4; lastKnownFileType = sourcecode.c.objc; lineEnding = 0; path = "NSError+BinderKit.m"; sourceTree = "<group>"; xcLanguageSpecificationIdentifier = xcode.lang.objc; };
		0CBA0A8D19C849CB009C2C09 /* CREBindProtocol.h */ = {isa = PBXFileReference; fileEncoding = 4; lastKnownFileType = sourcecode.c.h; lineEnding = 0; path = CREBindProtocol.h; sourceTree = "<group>"; xcLanguageSpecificationIdentifier = xcode.lang.objcpp; };
		0CBE0E8019AF7644007AE6DD /* CREBindRelation.h */ = {isa = PBXFileReference; fileEncoding = 4; lastKnownFileType = sourcecode.c.h; lineEnding = 0; path = CREBindRelation.h; sourceTree = "<group>"; xcLanguageSpecificationIdentifier = xcode.lang.objcpp; };
		0CBE0E8119AF7644007AE6DD /* CREBindRelation.m */ = {isa = PBXFileReference; fileEncoding = 4; lastKnownFileType = sourcecode.c.objc; lineEnding = 0; path = CREBindRelation.m; sourceTree = "<group>"; xcLanguageSpecificationIdentifier = xcode.lang.objc; };
		0CD65FD619D3129000FDA9D5 /* libBindKitStatic.a */ = {isa = PBXFileReference; explicitFileType = archive.ar; includeInIndex = 0; path = libBindKitStatic.a; sourceTree = BUILT_PRODUCTS_DIR; };
		0CDE521019B639BE00412662 /* CRERemoteBindingRelation.h */ = {isa = PBXFileReference; fileEncoding = 4; lastKnownFileType = sourcecode.c.h; path = CRERemoteBindingRelation.h; sourceTree = "<group>"; };
		0CDE521119B639BE00412662 /* CRERemoteBindingRelation.m */ = {isa = PBXFileReference; fileEncoding = 4; lastKnownFileType = sourcecode.c.objc; path = CRERemoteBindingRelation.m; sourceTree = "<group>"; };
		0CDED07519C996CD00F4ADD9 /* CREValueTransformer.m */ = {isa = PBXFileReference; fileEncoding = 4; lastKnownFileType = sourcecode.c.objc; path = CREValueTransformer.m; sourceTree = "<group>"; };
		0CDED07619C996CD00F4ADD9 /* CREValueTransformer.h */ = {isa = PBXFileReference; fileEncoding = 4; lastKnownFileType = sourcecode.c.h; path = CREValueTransformer.h; sourceTree = "<group>"; };
		0CDED07819C996CD00F4ADD9 /* CREDataImageTransformer.h */ = {isa = PBXFileReference; fileEncoding = 4; lastKnownFileType = sourcecode.c.h; path = CREDataImageTransformer.h; sourceTree = "<group>"; };
		0CDED07A19C996CD00F4ADD9 /* CRENegateTransformer.h */ = {isa = PBXFileReference; fileEncoding = 4; lastKnownFileType = sourcecode.c.h; path = CRENegateTransformer.h; sourceTree = "<group>"; };
		0CDED07B19C996CD00F4ADD9 /* CRENegateTransformer.m */ = {isa = PBXFileReference; fileEncoding = 4; lastKnownFileType = sourcecode.c.objc; path = CRENegateTransformer.m; sourceTree = "<group>"; };
		0CDED07C19C996CD00F4ADD9 /* CREDataImageTransformer.m */ = {isa = PBXFileReference; fileEncoding = 4; lastKnownFileType = sourcecode.c.objc; lineEnding = 0; path = CREDataImageTransformer.m; sourceTree = "<group>"; xcLanguageSpecificationIdentifier = xcode.lang.objc; };
		0CDED08619C9AA3000F4ADD9 /* CRESocialServicesRelation.h */ = {isa = PBXFileReference; fileEncoding = 4; lastKnownFileType = sourcecode.c.h; path = CRESocialServicesRelation.h; sourceTree = "<group>"; };
		0CDED08719C9AA3000F4ADD9 /* CRESocialServicesRelation.m */ = {isa = PBXFileReference; fileEncoding = 4; lastKnownFileType = sourcecode.c.objc; path = CRESocialServicesRelation.m; sourceTree = "<group>"; };
		0CDED09019CAADFB00F4ADD9 /* CREImagePNGDataTransformer.h */ = {isa = PBXFileReference; fileEncoding = 4; lastKnownFileType = sourcecode.c.h; path = CREImagePNGDataTransformer.h; sourceTree = "<group>"; };
		0CDED09119CAADFB00F4ADD9 /* CREImagePNGDataTransformer.m */ = {isa = PBXFileReference; fileEncoding = 4; lastKnownFileType = sourcecode.c.objc; path = CREImagePNGDataTransformer.m; sourceTree = "<group>"; };
		0CDED09419CAAF7000F4ADD9 /* CREIsNilTransformer.h */ = {isa = PBXFileReference; fileEncoding = 4; lastKnownFileType = sourcecode.c.h; path = CREIsNilTransformer.h; sourceTree = "<group>"; };
		0CDED09519CAAF7000F4ADD9 /* CREIsNilTransformer.m */ = {isa = PBXFileReference; fileEncoding = 4; lastKnownFileType = sourcecode.c.objc; path = CREIsNilTransformer.m; sourceTree = "<group>"; };
		0CDED13F19CAF46F00F4ADD9 /* cc-logo.png */ = {isa = PBXFileReference; lastKnownFileType = image.png; path = "cc-logo.png"; sourceTree = "<group>"; };
		0CDED14119CB01AA00F4ADD9 /* BindKitValueTransformerTests.m */ = {isa = PBXFileReference; fileEncoding = 4; lastKnownFileType = sourcecode.c.objc; path = BindKitValueTransformerTests.m; sourceTree = "<group>"; };
		0CDED14319CB02AC00F4ADD9 /* BindKitBaseTests.m */ = {isa = PBXFileReference; fileEncoding = 4; lastKnownFileType = sourcecode.c.objc; path = BindKitBaseTests.m; sourceTree = "<group>"; };
		0CDED14519CB063400F4ADD9 /* BindKitTestCase.h */ = {isa = PBXFileReference; fileEncoding = 4; lastKnownFileType = sourcecode.c.h; path = BindKitTestCase.h; sourceTree = "<group>"; };
		0CDED14619CB063400F4ADD9 /* BindKitTestCase.m */ = {isa = PBXFileReference; fileEncoding = 4; lastKnownFileType = sourcecode.c.objc; path = BindKitTestCase.m; sourceTree = "<group>"; };
		0CF7B40419C0940B001E1678 /* CREBindTestHelper.h */ = {isa = PBXFileReference; fileEncoding = 4; lastKnownFileType = sourcecode.c.h; lineEnding = 0; name = CREBindTestHelper.h; path = BindKitTests/CREBindTestHelper.h; sourceTree = SOURCE_ROOT; xcLanguageSpecificationIdentifier = xcode.lang.objcpp; };
		0CF7B40519C0940B001E1678 /* CREBindTestHelper.m */ = {isa = PBXFileReference; fileEncoding = 4; lastKnownFileType = sourcecode.c.objc; lineEnding = 0; name = CREBindTestHelper.m; path = BindKitTests/CREBindTestHelper.m; sourceTree = SOURCE_ROOT; xcLanguageSpecificationIdentifier = xcode.lang.objc; };
/* End PBXFileReference section */

/* Begin PBXFrameworksBuildPhase section */
		0CB7A31619ADC31D0020FBD5 /* Frameworks */ = {
			isa = PBXFrameworksBuildPhase;
			buildActionMask = 2147483647;
			files = (
			);
			runOnlyForDeploymentPostprocessing = 0;
		};
		0CB7A32219ADC31D0020FBD5 /* Frameworks */ = {
			isa = PBXFrameworksBuildPhase;
			buildActionMask = 2147483647;
			files = (
				0CBB594219AE2FB900CED34E /* BindKit.framework in Frameworks */,
			);
			runOnlyForDeploymentPostprocessing = 0;
		};
		0CD65FD319D3129000FDA9D5 /* Frameworks */ = {
			isa = PBXFrameworksBuildPhase;
			buildActionMask = 2147483647;
			files = (
			);
			runOnlyForDeploymentPostprocessing = 0;
		};
/* End PBXFrameworksBuildPhase section */

/* Begin PBXGroup section */
		0C25CB0419C04B7A00A5DC40 /* RemoteResourceBinding */ = {
			isa = PBXGroup;
			children = (
				0CDE521019B639BE00412662 /* CRERemoteBindingRelation.h */,
				0CDE521119B639BE00412662 /* CRERemoteBindingRelation.m */,
				0CDED08619C9AA3000F4ADD9 /* CRESocialServicesRelation.h */,
				0CDED08719C9AA3000F4ADD9 /* CRESocialServicesRelation.m */,
			);
			name = RemoteResourceBinding;
			sourceTree = "<group>";
		};
		0C6A435819D1D3480069AA60 /* ConcreteTransformers */ = {
			isa = PBXGroup;
			children = (
				0CDED07819C996CD00F4ADD9 /* CREDataImageTransformer.h */,
				0CDED07C19C996CD00F4ADD9 /* CREDataImageTransformer.m */,
				0CDED09019CAADFB00F4ADD9 /* CREImagePNGDataTransformer.h */,
				0CDED09119CAADFB00F4ADD9 /* CREImagePNGDataTransformer.m */,
				0CDED07A19C996CD00F4ADD9 /* CRENegateTransformer.h */,
				0CDED07B19C996CD00F4ADD9 /* CRENegateTransformer.m */,
				0CDED09419CAAF7000F4ADD9 /* CREIsNilTransformer.h */,
				0CDED09519CAAF7000F4ADD9 /* CREIsNilTransformer.m */,
				0C6A435919D1D3730069AA60 /* CRENumberDateTransformer.h */,
				0C6A435A19D1D3730069AA60 /* CRENumberDateTransformer.m */,
			);
			name = ConcreteTransformers;
			sourceTree = "<group>";
		};
		0CB7A31019ADC31D0020FBD5 = {
			isa = PBXGroup;
			children = (
				0CB7A31C19ADC31D0020FBD5 /* BindKit */,
				0CB7A32619ADC31D0020FBD5 /* BindKitTests */,
				0CB7A31B19ADC31D0020FBD5 /* Products */,
			);
			sourceTree = "<group>";
		};
		0CB7A31B19ADC31D0020FBD5 /* Products */ = {
			isa = PBXGroup;
			children = (
				0CB7A31A19ADC31D0020FBD5 /* BindKit.framework */,
				0CB7A32519ADC31D0020FBD5 /* BindKitTests.xctest */,
				0CD65FD619D3129000FDA9D5 /* libBindKitStatic.a */,
			);
			name = Products;
			sourceTree = "<group>";
		};
		0CB7A31C19ADC31D0020FBD5 /* BindKit */ = {
			isa = PBXGroup;
			children = (
				0CB7A31F19ADC31D0020FBD5 /* BindKit.h */,
				0CB7A35B19ADED1C0020FBD5 /* Classes */,
				0CB7A31D19ADC31D0020FBD5 /* Supporting Files */,
			);
			path = BindKit;
			sourceTree = "<group>";
		};
		0CB7A31D19ADC31D0020FBD5 /* Supporting Files */ = {
			isa = PBXGroup;
			children = (
				0CB7A31E19ADC31D0020FBD5 /* Info.plist */,
				0C6A435119D1D29A0069AA60 /* BindKitErrorMessages.plist */,
			);
			name = "Supporting Files";
			sourceTree = "<group>";
		};
		0CB7A32619ADC31D0020FBD5 /* BindKitTests */ = {
			isa = PBXGroup;
			children = (
				0CDED14519CB063400F4ADD9 /* BindKitTestCase.h */,
				0CDED14619CB063400F4ADD9 /* BindKitTestCase.m */,
				0C6A435319D1D2B20069AA60 /* BindKitRelationTests.m */,
				0CDED14319CB02AC00F4ADD9 /* BindKitBaseTests.m */,
				0C25CB0919C0618700A5DC40 /* BindKitRemoteTests.m */,
				0CDED14119CB01AA00F4ADD9 /* BindKitValueTransformerTests.m */,
				0CF7B40719C09414001E1678 /* HelpClasses */,
				0CB7A32719ADC31D0020FBD5 /* Supporting Files */,
			);
			path = BindKitTests;
			sourceTree = "<group>";
		};
		0CB7A32719ADC31D0020FBD5 /* Supporting Files */ = {
			isa = PBXGroup;
			children = (
				0CDED13F19CAF46F00F4ADD9 /* cc-logo.png */,
				0CB7A32819ADC31D0020FBD5 /* Info.plist */,
			);
			name = "Supporting Files";
			sourceTree = "<group>";
		};
		0CB7A35B19ADED1C0020FBD5 /* Classes */ = {
			isa = PBXGroup;
			children = (
				0CBA0A8D19C849CB009C2C09 /* CREBindProtocol.h */,
				0C6A434F19D1D2380069AA60 /* CREMapperProtocol.h */,
				0CB7A35E19AE0BC20020FBD5 /* NSError+BinderKit.h */,
				0CB7A35F19AE0BC20020FBD5 /* NSError+BinderKit.m */,
				0CDED08A19C9AE6400F4ADD9 /* Base */,
				0CDED08519C996E700F4ADD9 /* ValueTransformers */,
				0C25CB0419C04B7A00A5DC40 /* RemoteResourceBinding */,
			);
			name = Classes;
			sourceTree = "<group>";
		};
		0CDED08519C996E700F4ADD9 /* ValueTransformers */ = {
			isa = PBXGroup;
			children = (
				0CDED07619C996CD00F4ADD9 /* CREValueTransformer.h */,
				0CDED07519C996CD00F4ADD9 /* CREValueTransformer.m */,
				0C6A435819D1D3480069AA60 /* ConcreteTransformers */,
			);
			name = ValueTransformers;
			sourceTree = "<group>";
		};
		0CDED08A19C9AE6400F4ADD9 /* Base */ = {
			isa = PBXGroup;
			children = (
				0CB7A35719ADED160020FBD5 /* CREBinder.h */,
				0CB7A35819ADED160020FBD5 /* CREBinder.m */,
				0CBE0E8019AF7644007AE6DD /* CREBindRelation.h */,
				0CBE0E8119AF7644007AE6DD /* CREBindRelation.m */,
				0C08D9F119B0BCD2008E27F6 /* CREBindingUnit.h */,
				0C08D9F219B0BCD2008E27F6 /* CREBindingUnit.m */,
			);
			name = Base;
			sourceTree = "<group>";
		};
		0CF7B40719C09414001E1678 /* HelpClasses */ = {
			isa = PBXGroup;
			children = (
				0CF7B40419C0940B001E1678 /* CREBindTestHelper.h */,
				0CF7B40519C0940B001E1678 /* CREBindTestHelper.m */,
				0C6A435519D1D2D20069AA60 /* CRETestModel.h */,
				0C6A435619D1D2D20069AA60 /* CRETestModel.m */,
			);
			name = HelpClasses;
			sourceTree = "<group>";
		};
/* End PBXGroup section */

/* Begin PBXHeadersBuildPhase section */
		0CB7A31719ADC31D0020FBD5 /* Headers */ = {
			isa = PBXHeadersBuildPhase;
			buildActionMask = 2147483647;
			files = (
				0C6A435B19D1D3730069AA60 /* CRENumberDateTransformer.h in Headers */,
				0CB7A35919ADED160020FBD5 /* CREBinder.h in Headers */,
				0CBE0E8219AF7644007AE6DD /* CREBindRelation.h in Headers */,
				0CB7A36019AE0BC20020FBD5 /* NSError+BinderKit.h in Headers */,
				0CDED08019C996CD00F4ADD9 /* CREDataImageTransformer.h in Headers */,
				0CDED09619CAAF7000F4ADD9 /* CREIsNilTransformer.h in Headers */,
				0C08D9F319B0BCD2008E27F6 /* CREBindingUnit.h in Headers */,
				0CDED08819C9AA3000F4ADD9 /* CRESocialServicesRelation.h in Headers */,
				0CDED07E19C996CD00F4ADD9 /* CREValueTransformer.h in Headers */,
				0C6A435019D1D2380069AA60 /* CREMapperProtocol.h in Headers */,
				0CDE521219B639BE00412662 /* CRERemoteBindingRelation.h in Headers */,
				0CBA0A8E19C849CB009C2C09 /* CREBindProtocol.h in Headers */,
				0CDED09219CAADFB00F4ADD9 /* CREImagePNGDataTransformer.h in Headers */,
				0CDED08219C996CD00F4ADD9 /* CRENegateTransformer.h in Headers */,
				0CB7A32019ADC31D0020FBD5 /* BindKit.h in Headers */,
			);
			runOnlyForDeploymentPostprocessing = 0;
		};
		0CD65FF619D313A000FDA9D5 /* Headers */ = {
			isa = PBXHeadersBuildPhase;
			buildActionMask = 2147483647;
			files = (
				0CD65FF719D313B000FDA9D5 /* BindKit.h in Headers */,
				0CD65FFA19D313B000FDA9D5 /* CREBinder.h in Headers */,
				0CD65FFC19D313D300FDA9D5 /* CREBindingUnit.h in Headers */,
				0CD65FF819D313B000FDA9D5 /* CREBindProtocol.h in Headers */,
				0CD6600919D32D5200FDA9D5 /* NSError+BinderKit.h in Headers */,
				0CD65FFB19D313B000FDA9D5 /* CREBindRelation.h in Headers */,
				0CD6600319D313D300FDA9D5 /* CRERemoteBindingRelation.h in Headers */,
				0CD6601519D3315800FDA9D5 /* CREValueTransformer.h in Headers */,
				0CD6601419D3314F00FDA9D5 /* CREMapperProtocol.h in Headers */,
				0CD65FFE19D313D300FDA9D5 /* CREDataImageTransformer.h in Headers */,
				0CD65FFF19D313D300FDA9D5 /* CREImagePNGDataTransformer.h in Headers */,
				0CD6600019D313D300FDA9D5 /* CRENegateTransformer.h in Headers */,
				0CD6600119D313D300FDA9D5 /* CREIsNilTransformer.h in Headers */,
				0CD6600219D313D300FDA9D5 /* CRENumberDateTransformer.h in Headers */,
				0CD6600419D313D300FDA9D5 /* CRESocialServicesRelation.h in Headers */,
			);
			runOnlyForDeploymentPostprocessing = 0;
		};
/* End PBXHeadersBuildPhase section */

/* Begin PBXNativeTarget section */
		0CB7A31919ADC31D0020FBD5 /* BindKit */ = {
			isa = PBXNativeTarget;
			buildConfigurationList = 0CB7A32D19ADC31D0020FBD5 /* Build configuration list for PBXNativeTarget "BindKit" */;
			buildPhases = (
				0CB7A31519ADC31D0020FBD5 /* Sources */,
				0CB7A31619ADC31D0020FBD5 /* Frameworks */,
				0CB7A31719ADC31D0020FBD5 /* Headers */,
				0CB7A31819ADC31D0020FBD5 /* Resources */,
			);
			buildRules = (
			);
			dependencies = (
			);
			name = BindKit;
			productName = BindKit;
			productReference = 0CB7A31A19ADC31D0020FBD5 /* BindKit.framework */;
			productType = "com.apple.product-type.framework";
		};
		0CB7A32419ADC31D0020FBD5 /* BindKitTests */ = {
			isa = PBXNativeTarget;
			buildConfigurationList = 0CB7A33019ADC31D0020FBD5 /* Build configuration list for PBXNativeTarget "BindKitTests" */;
			buildPhases = (
				0CB7A32119ADC31D0020FBD5 /* Sources */,
				0CB7A32219ADC31D0020FBD5 /* Frameworks */,
				0CB7A32319ADC31D0020FBD5 /* Resources */,
			);
			buildRules = (
			);
			dependencies = (
			);
			name = BindKitTests;
			productName = BindKitTests;
			productReference = 0CB7A32519ADC31D0020FBD5 /* BindKitTests.xctest */;
			productType = "com.apple.product-type.bundle.unit-test";
		};
		0CD65FD519D3129000FDA9D5 /* BindKitStatic */ = {
			isa = PBXNativeTarget;
			buildConfigurationList = 0CD65FE419D3129100FDA9D5 /* Build configuration list for PBXNativeTarget "BindKitStatic" */;
			buildPhases = (
				0CD65FD219D3129000FDA9D5 /* Sources */,
				0CD65FD319D3129000FDA9D5 /* Frameworks */,
				0CD65FD419D3129000FDA9D5 /* CopyFiles */,
				0CD65FF619D313A000FDA9D5 /* Headers */,
			);
			buildRules = (
			);
			dependencies = (
			);
			name = BindKitStatic;
			productName = BindKitStatic;
			productReference = 0CD65FD619D3129000FDA9D5 /* libBindKitStatic.a */;
			productType = "com.apple.product-type.library.static";
		};
/* End PBXNativeTarget section */

/* Begin PBXProject section */
		0CB7A31119ADC31D0020FBD5 /* Project object */ = {
			isa = PBXProject;
			attributes = {
				LastUpgradeCheck = 0600;
				ORGANIZATIONNAME = "Creatub Ltd.";
				TargetAttributes = {
					0CB7A31919ADC31D0020FBD5 = {
						CreatedOnToolsVersion = 6.0;
					};
					0CB7A32419ADC31D0020FBD5 = {
						CreatedOnToolsVersion = 6.0;
					};
					0CD65FD519D3129000FDA9D5 = {
						CreatedOnToolsVersion = 6.0.1;
					};
				};
			};
			buildConfigurationList = 0CB7A31419ADC31D0020FBD5 /* Build configuration list for PBXProject "BindKit" */;
			compatibilityVersion = "Xcode 3.2";
			developmentRegion = English;
			hasScannedForEncodings = 0;
			knownRegions = (
				en,
			);
			mainGroup = 0CB7A31019ADC31D0020FBD5;
			productRefGroup = 0CB7A31B19ADC31D0020FBD5 /* Products */;
			projectDirPath = "";
			projectRoot = "";
			targets = (
				0CB7A31919ADC31D0020FBD5 /* BindKit */,
				0CB7A32419ADC31D0020FBD5 /* BindKitTests */,
				0CD65FD519D3129000FDA9D5 /* BindKitStatic */,
			);
		};
/* End PBXProject section */

/* Begin PBXResourcesBuildPhase section */
		0CB7A31819ADC31D0020FBD5 /* Resources */ = {
			isa = PBXResourcesBuildPhase;
			buildActionMask = 2147483647;
			files = (
				0C6A435219D1D29A0069AA60 /* BindKitErrorMessages.plist in Resources */,
			);
			runOnlyForDeploymentPostprocessing = 0;
		};
		0CB7A32319ADC31D0020FBD5 /* Resources */ = {
			isa = PBXResourcesBuildPhase;
			buildActionMask = 2147483647;
			files = (
				0CDED14019CAF46F00F4ADD9 /* cc-logo.png in Resources */,
			);
			runOnlyForDeploymentPostprocessing = 0;
		};
/* End PBXResourcesBuildPhase section */

/* Begin PBXSourcesBuildPhase section */
		0CB7A31519ADC31D0020FBD5 /* Sources */ = {
			isa = PBXSourcesBuildPhase;
			buildActionMask = 2147483647;
			files = (
				0CDED08419C996CD00F4ADD9 /* CREDataImageTransformer.m in Sources */,
				0C6A435C19D1D3730069AA60 /* CRENumberDateTransformer.m in Sources */,
				0C08D9F419B0BCD2008E27F6 /* CREBindingUnit.m in Sources */,
				0CDED08919C9AA3000F4ADD9 /* CRESocialServicesRelation.m in Sources */,
				0CB7A36119AE0BC20020FBD5 /* NSError+BinderKit.m in Sources */,
				0CB7A35A19ADED160020FBD5 /* CREBinder.m in Sources */,
				0CDED07D19C996CD00F4ADD9 /* CREValueTransformer.m in Sources */,
				0CDED08319C996CD00F4ADD9 /* CRENegateTransformer.m in Sources */,
				0CBE0E8319AF7644007AE6DD /* CREBindRelation.m in Sources */,
				0CDED09719CAAF7000F4ADD9 /* CREIsNilTransformer.m in Sources */,
				0CDED09319CAADFB00F4ADD9 /* CREImagePNGDataTransformer.m in Sources */,
				0CDE521319B639BE00412662 /* CRERemoteBindingRelation.m in Sources */,
			);
			runOnlyForDeploymentPostprocessing = 0;
		};
		0CB7A32119ADC31D0020FBD5 /* Sources */ = {
			isa = PBXSourcesBuildPhase;
			buildActionMask = 2147483647;
			files = (
				0C6A435719D1D2D20069AA60 /* CRETestModel.m in Sources */,
				0CF7B40919C09AAF001E1678 /* CREBindTestHelper.m in Sources */,
				0CDED14219CB01AA00F4ADD9 /* BindKitValueTransformerTests.m in Sources */,
				0CDED14419CB02AC00F4ADD9 /* BindKitBaseTests.m in Sources */,
				0C25CB0A19C0618700A5DC40 /* BindKitRemoteTests.m in Sources */,
				0CDED14719CB063400F4ADD9 /* BindKitTestCase.m in Sources */,
				0C6A435419D1D2B20069AA60 /* BindKitRelationTests.m in Sources */,
			);
			runOnlyForDeploymentPostprocessing = 0;
		};
		0CD65FD219D3129000FDA9D5 /* Sources */ = {
			isa = PBXSourcesBuildPhase;
			buildActionMask = 2147483647;
			files = (
				0CD65FEA19D3139200FDA9D5 /* NSError+BinderKit.m in Sources */,
				0CD65FEB19D3139200FDA9D5 /* CREBinder.m in Sources */,
				0CD65FEC19D3139200FDA9D5 /* CREBindRelation.m in Sources */,
				0CD65FED19D3139200FDA9D5 /* CREBindingUnit.m in Sources */,
				0CD65FEE19D3139200FDA9D5 /* CREValueTransformer.m in Sources */,
				0CD65FEF19D3139200FDA9D5 /* CREDataImageTransformer.m in Sources */,
				0CD65FF019D3139200FDA9D5 /* CREImagePNGDataTransformer.m in Sources */,
				0CD65FF119D3139200FDA9D5 /* CRENegateTransformer.m in Sources */,
				0CD65FF219D3139200FDA9D5 /* CREIsNilTransformer.m in Sources */,
				0CD65FF319D3139200FDA9D5 /* CRENumberDateTransformer.m in Sources */,
				0CD65FF419D3139200FDA9D5 /* CRERemoteBindingRelation.m in Sources */,
				0CD65FF519D3139200FDA9D5 /* CRESocialServicesRelation.m in Sources */,
			);
			runOnlyForDeploymentPostprocessing = 0;
		};
/* End PBXSourcesBuildPhase section */

/* Begin XCBuildConfiguration section */
		0CB7A32B19ADC31D0020FBD5 /* Debug */ = {
			isa = XCBuildConfiguration;
			buildSettings = {
				ALWAYS_SEARCH_USER_PATHS = NO;
				CLANG_CXX_LANGUAGE_STANDARD = "gnu++0x";
				CLANG_CXX_LIBRARY = "libc++";
				CLANG_ENABLE_MODULES = YES;
				CLANG_ENABLE_OBJC_ARC = YES;
				CLANG_WARN_BOOL_CONVERSION = YES;
				CLANG_WARN_CONSTANT_CONVERSION = YES;
				CLANG_WARN_DIRECT_OBJC_ISA_USAGE = YES_ERROR;
				CLANG_WARN_EMPTY_BODY = YES;
				CLANG_WARN_ENUM_CONVERSION = YES;
				CLANG_WARN_INT_CONVERSION = YES;
				CLANG_WARN_OBJC_ROOT_CLASS = YES_ERROR;
				CLANG_WARN_UNREACHABLE_CODE = YES;
				CLANG_WARN__DUPLICATE_METHOD_MATCH = YES;
				CODE_SIGN_IDENTITY = "iPhone Developer";
				"CODE_SIGN_IDENTITY[sdk=iphoneos*]" = "iPhone Developer";
				COPY_PHASE_STRIP = NO;
				CURRENT_PROJECT_VERSION = 1;
				ENABLE_STRICT_OBJC_MSGSEND = YES;
				GCC_C_LANGUAGE_STANDARD = gnu99;
				GCC_DYNAMIC_NO_PIC = NO;
				GCC_OPTIMIZATION_LEVEL = 0;
				GCC_PREPROCESSOR_DEFINITIONS = (
					"DEBUG=1",
					"$(inherited)",
				);
				GCC_SYMBOLS_PRIVATE_EXTERN = NO;
				GCC_WARN_64_TO_32_BIT_CONVERSION = YES;
				GCC_WARN_ABOUT_RETURN_TYPE = YES_ERROR;
				GCC_WARN_UNDECLARED_SELECTOR = YES;
				GCC_WARN_UNINITIALIZED_AUTOS = YES_AGGRESSIVE;
				GCC_WARN_UNUSED_FUNCTION = YES;
				GCC_WARN_UNUSED_VARIABLE = YES;
				IPHONEOS_DEPLOYMENT_TARGET = 8.0;
				LD_RUNPATH_SEARCH_PATHS = "@executable_path/Frameworks";
				MTL_ENABLE_DEBUG_INFO = YES;
				ONLY_ACTIVE_ARCH = YES;
				PUBLIC_HEADERS_FOLDER_PATH = BindKit;
				SDKROOT = iphoneos;
				TARGETED_DEVICE_FAMILY = "1,2";
				VERSIONING_SYSTEM = "apple-generic";
				VERSION_INFO_PREFIX = "";
			};
			name = Debug;
		};
		0CB7A32C19ADC31D0020FBD5 /* Release */ = {
			isa = XCBuildConfiguration;
			buildSettings = {
				ALWAYS_SEARCH_USER_PATHS = NO;
				CLANG_CXX_LANGUAGE_STANDARD = "gnu++0x";
				CLANG_CXX_LIBRARY = "libc++";
				CLANG_ENABLE_MODULES = YES;
				CLANG_ENABLE_OBJC_ARC = YES;
				CLANG_WARN_BOOL_CONVERSION = YES;
				CLANG_WARN_CONSTANT_CONVERSION = YES;
				CLANG_WARN_DIRECT_OBJC_ISA_USAGE = YES_ERROR;
				CLANG_WARN_EMPTY_BODY = YES;
				CLANG_WARN_ENUM_CONVERSION = YES;
				CLANG_WARN_INT_CONVERSION = YES;
				CLANG_WARN_OBJC_ROOT_CLASS = YES_ERROR;
				CLANG_WARN_UNREACHABLE_CODE = YES;
				CLANG_WARN__DUPLICATE_METHOD_MATCH = YES;
				CODE_SIGN_IDENTITY = "iPhone Developer";
				"CODE_SIGN_IDENTITY[sdk=iphoneos*]" = "iPhone Developer";
				COPY_PHASE_STRIP = YES;
				CURRENT_PROJECT_VERSION = 1;
				ENABLE_NS_ASSERTIONS = NO;
				ENABLE_STRICT_OBJC_MSGSEND = YES;
				GCC_C_LANGUAGE_STANDARD = gnu99;
				GCC_WARN_64_TO_32_BIT_CONVERSION = YES;
				GCC_WARN_ABOUT_RETURN_TYPE = YES_ERROR;
				GCC_WARN_UNDECLARED_SELECTOR = YES;
				GCC_WARN_UNINITIALIZED_AUTOS = YES_AGGRESSIVE;
				GCC_WARN_UNUSED_FUNCTION = YES;
				GCC_WARN_UNUSED_VARIABLE = YES;
				IPHONEOS_DEPLOYMENT_TARGET = 8.0;
				LD_RUNPATH_SEARCH_PATHS = "@executable_path/Frameworks";
				MTL_ENABLE_DEBUG_INFO = NO;
				PUBLIC_HEADERS_FOLDER_PATH = BindKit;
				SDKROOT = iphoneos;
				TARGETED_DEVICE_FAMILY = "1,2";
				VALIDATE_PRODUCT = YES;
				VERSIONING_SYSTEM = "apple-generic";
				VERSION_INFO_PREFIX = "";
			};
			name = Release;
		};
		0CB7A32E19ADC31D0020FBD5 /* Debug */ = {
			isa = XCBuildConfiguration;
			buildSettings = {
				CODE_SIGN_IDENTITY = "iPhone Developer";
				DEFINES_MODULE = YES;
				DYLIB_COMPATIBILITY_VERSION = 1;
				DYLIB_CURRENT_VERSION = 1;
				DYLIB_INSTALL_NAME_BASE = "@rpath";
				INFOPLIST_FILE = BindKit/Info.plist;
				INSTALL_PATH = "$(LOCAL_LIBRARY_DIR)/Frameworks";
				IPHONEOS_DEPLOYMENT_TARGET = 8.0;
				LD_RUNPATH_SEARCH_PATHS = "$(inherited) @executable_path/Frameworks @loader_path/Frameworks";
				PRODUCT_NAME = "$(TARGET_NAME)";
				PUBLIC_HEADERS_FOLDER_PATH = BindKit.framework/Headers;
				SKIP_INSTALL = YES;
			};
			name = Debug;
		};
		0CB7A32F19ADC31D0020FBD5 /* Release */ = {
			isa = XCBuildConfiguration;
			buildSettings = {
				DEFINES_MODULE = YES;
				DYLIB_COMPATIBILITY_VERSION = 1;
				DYLIB_CURRENT_VERSION = 1;
				DYLIB_INSTALL_NAME_BASE = "@rpath";
				INFOPLIST_FILE = BindKit/Info.plist;
				INSTALL_PATH = "$(LOCAL_LIBRARY_DIR)/Frameworks";
				IPHONEOS_DEPLOYMENT_TARGET = 8.0;
				LD_RUNPATH_SEARCH_PATHS = "$(inherited) @executable_path/Frameworks @loader_path/Frameworks";
				PRODUCT_NAME = "$(TARGET_NAME)";
				PUBLIC_HEADERS_FOLDER_PATH = BindKit.framework/Headers;
				SKIP_INSTALL = YES;
			};
			name = Release;
		};
		0CB7A33119ADC31D0020FBD5 /* Debug */ = {
			isa = XCBuildConfiguration;
			buildSettings = {
				FRAMEWORK_SEARCH_PATHS = (
					"$(SDKROOT)/Developer/Library/Frameworks",
					"$(inherited)",
				);
				GCC_PREPROCESSOR_DEFINITIONS = (
					"DEBUG=1",
					"$(inherited)",
				);
				INFOPLIST_FILE = BindKitTests/Info.plist;
				LD_RUNPATH_SEARCH_PATHS = "$(inherited) @executable_path/Frameworks @loader_path/Frameworks";
				PRODUCT_NAME = "$(TARGET_NAME)";
			};
			name = Debug;
		};
		0CB7A33219ADC31D0020FBD5 /* Release */ = {
			isa = XCBuildConfiguration;
			buildSettings = {
				FRAMEWORK_SEARCH_PATHS = (
					"$(SDKROOT)/Developer/Library/Frameworks",
					"$(inherited)",
				);
				INFOPLIST_FILE = BindKitTests/Info.plist;
				LD_RUNPATH_SEARCH_PATHS = "$(inherited) @executable_path/Frameworks @loader_path/Frameworks";
				PRODUCT_NAME = "$(TARGET_NAME)";
			};
			name = Release;
		};
		0CD65FE519D3129100FDA9D5 /* Debug */ = {
			isa = XCBuildConfiguration;
			buildSettings = {
				GCC_PREPROCESSOR_DEFINITIONS = (
					"DEBUG=1",
					"$(inherited)",
				);
				OTHER_LDFLAGS = "-ObjC";
				PRODUCT_NAME = "$(TARGET_NAME)";
				SKIP_INSTALL = YES;
			};
			name = Debug;
		};
		0CD65FE619D3129100FDA9D5 /* Release */ = {
			isa = XCBuildConfiguration;
			buildSettings = {
				OTHER_LDFLAGS = "-ObjC";
				PRODUCT_NAME = "$(TARGET_NAME)";
				SKIP_INSTALL = YES;
			};
			name = Release;
		};
/* End XCBuildConfiguration section */

/* Begin XCConfigurationList section */
		0CB7A31419ADC31D0020FBD5 /* Build configuration list for PBXProject "BindKit" */ = {
			isa = XCConfigurationList;
			buildConfigurations = (
				0CB7A32B19ADC31D0020FBD5 /* Debug */,
				0CB7A32C19ADC31D0020FBD5 /* Release */,
			);
			defaultConfigurationIsVisible = 0;
			defaultConfigurationName = Release;
		};
		0CB7A32D19ADC31D0020FBD5 /* Build configuration list for PBXNativeTarget "BindKit" */ = {
			isa = XCConfigurationList;
			buildConfigurations = (
				0CB7A32E19ADC31D0020FBD5 /* Debug */,
				0CB7A32F19ADC31D0020FBD5 /* Release */,
			);
			defaultConfigurationIsVisible = 0;
			defaultConfigurationName = Release;
		};
		0CB7A33019ADC31D0020FBD5 /* Build configuration list for PBXNativeTarget "BindKitTests" */ = {
			isa = XCConfigurationList;
			buildConfigurations = (
				0CB7A33119ADC31D0020FBD5 /* Debug */,
				0CB7A33219ADC31D0020FBD5 /* Release */,
			);
			defaultConfigurationIsVisible = 0;
			defaultConfigurationName = Release;
		};
		0CD65FE419D3129100FDA9D5 /* Build configuration list for PBXNativeTarget "BindKitStatic" */ = {
			isa = XCConfigurationList;
			buildConfigurations = (
				0CD65FE519D3129100FDA9D5 /* Debug */,
				0CD65FE619D3129100FDA9D5 /* Release */,
			);
			defaultConfigurationIsVisible = 0;
			defaultConfigurationName = Release;
		};
/* End XCConfigurationList section */
	};
	rootObject = 0CB7A31119ADC31D0020FBD5 /* Project object */;
}
