// !$*UTF8*$!
{
	archiveVersion = 1;
	classes = {
	};
	objectVersion = 46;
	objects = {

/* Begin PBXBuildFile section */
		0C08D9F319B0BCD2008E27F6 /* CREBindingUnit.h in Headers */ = {isa = PBXBuildFile; fileRef = 0C08D9F119B0BCD2008E27F6 /* CREBindingUnit.h */; settings = {ATTRIBUTES = (Public, ); }; };
		0C08D9F419B0BCD2008E27F6 /* CREBindingUnit.m in Sources */ = {isa = PBXBuildFile; fileRef = 0C08D9F219B0BCD2008E27F6 /* CREBindingUnit.m */; };
		0C25CB0719C04BD300A5DC40 /* CRERemoteBinder.h in Headers */ = {isa = PBXBuildFile; fileRef = 0C25CB0519C04BD200A5DC40 /* CRERemoteBinder.h */; settings = {ATTRIBUTES = (Public, ); }; };
		0C25CB0819C04BD300A5DC40 /* CRERemoteBinder.m in Sources */ = {isa = PBXBuildFile; fileRef = 0C25CB0619C04BD200A5DC40 /* CRERemoteBinder.m */; };
		0C25CB0A19C0618700A5DC40 /* BindKitRemoteTests.m in Sources */ = {isa = PBXBuildFile; fileRef = 0C25CB0919C0618700A5DC40 /* BindKitRemoteTests.m */; };
		0C9DB16019C181A6003548FC /* Social.framework in Frameworks */ = {isa = PBXBuildFile; fileRef = 0C9DB15F19C181A6003548FC /* Social.framework */; };
		0C9DB16319C18D1C003548FC /* Accounts.framework in Frameworks */ = {isa = PBXBuildFile; fileRef = 0C9DB16219C18D1C003548FC /* Accounts.framework */; };
		0CB7A32019ADC31D0020FBD5 /* BindKit.h in Headers */ = {isa = PBXBuildFile; fileRef = 0CB7A31F19ADC31D0020FBD5 /* BindKit.h */; settings = {ATTRIBUTES = (Public, ); }; };
		0CB7A32A19ADC31D0020FBD5 /* BindKitTests.m in Sources */ = {isa = PBXBuildFile; fileRef = 0CB7A32919ADC31D0020FBD5 /* BindKitTests.m */; };
		0CB7A35919ADED160020FBD5 /* CREBinder.h in Headers */ = {isa = PBXBuildFile; fileRef = 0CB7A35719ADED160020FBD5 /* CREBinder.h */; settings = {ATTRIBUTES = (Public, ); }; };
		0CB7A35A19ADED160020FBD5 /* CREBinder.m in Sources */ = {isa = PBXBuildFile; fileRef = 0CB7A35819ADED160020FBD5 /* CREBinder.m */; };
		0CB7A36019AE0BC20020FBD5 /* NSError+BinderKit.h in Headers */ = {isa = PBXBuildFile; fileRef = 0CB7A35E19AE0BC20020FBD5 /* NSError+BinderKit.h */; settings = {ATTRIBUTES = (Public, ); }; };
		0CB7A36119AE0BC20020FBD5 /* NSError+BinderKit.m in Sources */ = {isa = PBXBuildFile; fileRef = 0CB7A35F19AE0BC20020FBD5 /* NSError+BinderKit.m */; };
		0CBB594219AE2FB900CED34E /* BindKit.framework in Frameworks */ = {isa = PBXBuildFile; fileRef = 0CB7A31A19ADC31D0020FBD5 /* BindKit.framework */; };
		0CBE0E8219AF7644007AE6DD /* CREBindingTransaction.h in Headers */ = {isa = PBXBuildFile; fileRef = 0CBE0E8019AF7644007AE6DD /* CREBindingTransaction.h */; settings = {ATTRIBUTES = (Public, ); }; };
		0CBE0E8319AF7644007AE6DD /* CREBindingTransaction.m in Sources */ = {isa = PBXBuildFile; fileRef = 0CBE0E8119AF7644007AE6DD /* CREBindingTransaction.m */; };
		0CDE521219B639BE00412662 /* CRERemoteBindingTransaction.h in Headers */ = {isa = PBXBuildFile; fileRef = 0CDE521019B639BE00412662 /* CRERemoteBindingTransaction.h */; settings = {ATTRIBUTES = (Public, ); }; };
		0CDE521319B639BE00412662 /* CRERemoteBindingTransaction.m in Sources */ = {isa = PBXBuildFile; fileRef = 0CDE521119B639BE00412662 /* CRERemoteBindingTransaction.m */; };
		0CF7B40919C09AAF001E1678 /* CREBindTestHelper.m in Sources */ = {isa = PBXBuildFile; fileRef = 0CF7B40519C0940B001E1678 /* CREBindTestHelper.m */; };
/* End PBXBuildFile section */

/* Begin PBXFileReference section */
		0C08D9F119B0BCD2008E27F6 /* CREBindingUnit.h */ = {isa = PBXFileReference; fileEncoding = 4; lastKnownFileType = sourcecode.c.h; path = CREBindingUnit.h; sourceTree = "<group>"; };
		0C08D9F219B0BCD2008E27F6 /* CREBindingUnit.m */ = {isa = PBXFileReference; fileEncoding = 4; lastKnownFileType = sourcecode.c.objc; path = CREBindingUnit.m; sourceTree = "<group>"; };
		0C25CB0519C04BD200A5DC40 /* CRERemoteBinder.h */ = {isa = PBXFileReference; fileEncoding = 4; lastKnownFileType = sourcecode.c.h; path = CRERemoteBinder.h; sourceTree = "<group>"; };
		0C25CB0619C04BD200A5DC40 /* CRERemoteBinder.m */ = {isa = PBXFileReference; fileEncoding = 4; lastKnownFileType = sourcecode.c.objc; path = CRERemoteBinder.m; sourceTree = "<group>"; };
		0C25CB0919C0618700A5DC40 /* BindKitRemoteTests.m */ = {isa = PBXFileReference; fileEncoding = 4; lastKnownFileType = sourcecode.c.objc; path = BindKitRemoteTests.m; sourceTree = "<group>"; };
		0C9DB15F19C181A6003548FC /* Social.framework */ = {isa = PBXFileReference; lastKnownFileType = wrapper.framework; name = Social.framework; path = System/Library/Frameworks/Social.framework; sourceTree = SDKROOT; };
		0C9DB16219C18D1C003548FC /* Accounts.framework */ = {isa = PBXFileReference; lastKnownFileType = wrapper.framework; name = Accounts.framework; path = System/Library/Frameworks/Accounts.framework; sourceTree = SDKROOT; };
		0CB7A31A19ADC31D0020FBD5 /* BindKit.framework */ = {isa = PBXFileReference; explicitFileType = wrapper.framework; includeInIndex = 0; path = BindKit.framework; sourceTree = BUILT_PRODUCTS_DIR; };
		0CB7A31E19ADC31D0020FBD5 /* Info.plist */ = {isa = PBXFileReference; lastKnownFileType = text.plist.xml; path = Info.plist; sourceTree = "<group>"; };
		0CB7A31F19ADC31D0020FBD5 /* BindKit.h */ = {isa = PBXFileReference; lastKnownFileType = sourcecode.c.h; path = BindKit.h; sourceTree = "<group>"; };
		0CB7A32519ADC31D0020FBD5 /* BindKitTests.xctest */ = {isa = PBXFileReference; explicitFileType = wrapper.cfbundle; includeInIndex = 0; path = BindKitTests.xctest; sourceTree = BUILT_PRODUCTS_DIR; };
		0CB7A32819ADC31D0020FBD5 /* Info.plist */ = {isa = PBXFileReference; lastKnownFileType = text.plist.xml; path = Info.plist; sourceTree = "<group>"; };
		0CB7A32919ADC31D0020FBD5 /* BindKitTests.m */ = {isa = PBXFileReference; lastKnownFileType = sourcecode.c.objc; path = BindKitTests.m; sourceTree = "<group>"; };
		0CB7A35719ADED160020FBD5 /* CREBinder.h */ = {isa = PBXFileReference; fileEncoding = 4; lastKnownFileType = sourcecode.c.h; path = CREBinder.h; sourceTree = "<group>"; };
		0CB7A35819ADED160020FBD5 /* CREBinder.m */ = {isa = PBXFileReference; fileEncoding = 4; lastKnownFileType = sourcecode.c.objc; path = CREBinder.m; sourceTree = "<group>"; };
		0CB7A35E19AE0BC20020FBD5 /* NSError+BinderKit.h */ = {isa = PBXFileReference; fileEncoding = 4; lastKnownFileType = sourcecode.c.h; path = "NSError+BinderKit.h"; sourceTree = "<group>"; };
		0CB7A35F19AE0BC20020FBD5 /* NSError+BinderKit.m */ = {isa = PBXFileReference; fileEncoding = 4; lastKnownFileType = sourcecode.c.objc; path = "NSError+BinderKit.m"; sourceTree = "<group>"; };
		0CBE0E8019AF7644007AE6DD /* CREBindingTransaction.h */ = {isa = PBXFileReference; fileEncoding = 4; lastKnownFileType = sourcecode.c.h; path = CREBindingTransaction.h; sourceTree = "<group>"; };
		0CBE0E8119AF7644007AE6DD /* CREBindingTransaction.m */ = {isa = PBXFileReference; fileEncoding = 4; lastKnownFileType = sourcecode.c.objc; path = CREBindingTransaction.m; sourceTree = "<group>"; };
		0CDE521019B639BE00412662 /* CRERemoteBindingTransaction.h */ = {isa = PBXFileReference; fileEncoding = 4; lastKnownFileType = sourcecode.c.h; path = CRERemoteBindingTransaction.h; sourceTree = "<group>"; };
		0CDE521119B639BE00412662 /* CRERemoteBindingTransaction.m */ = {isa = PBXFileReference; fileEncoding = 4; lastKnownFileType = sourcecode.c.objc; path = CRERemoteBindingTransaction.m; sourceTree = "<group>"; };
		0CF7B40419C0940B001E1678 /* CREBindTestHelper.h */ = {isa = PBXFileReference; fileEncoding = 4; lastKnownFileType = sourcecode.c.h; name = CREBindTestHelper.h; path = BindKitTests/CREBindTestHelper.h; sourceTree = SOURCE_ROOT; };
		0CF7B40519C0940B001E1678 /* CREBindTestHelper.m */ = {isa = PBXFileReference; fileEncoding = 4; lastKnownFileType = sourcecode.c.objc; name = CREBindTestHelper.m; path = BindKitTests/CREBindTestHelper.m; sourceTree = SOURCE_ROOT; };
/* End PBXFileReference section */

/* Begin PBXFrameworksBuildPhase section */
		0CB7A31619ADC31D0020FBD5 /* Frameworks */ = {
			isa = PBXFrameworksBuildPhase;
			buildActionMask = 2147483647;
			files = (
			);
			runOnlyForDeploymentPostprocessing = 0;
		};
		0CB7A32219ADC31D0020FBD5 /* Frameworks */ = {
			isa = PBXFrameworksBuildPhase;
			buildActionMask = 2147483647;
			files = (
				0C9DB16319C18D1C003548FC /* Accounts.framework in Frameworks */,
				0C9DB16019C181A6003548FC /* Social.framework in Frameworks */,
				0CBB594219AE2FB900CED34E /* BindKit.framework in Frameworks */,
			);
			runOnlyForDeploymentPostprocessing = 0;
		};
/* End PBXFrameworksBuildPhase section */

/* Begin PBXGroup section */
		0C25CB0419C04B7A00A5DC40 /* Remote resource binding */ = {
			isa = PBXGroup;
			children = (
				0CDE521019B639BE00412662 /* CRERemoteBindingTransaction.h */,
				0CDE521119B639BE00412662 /* CRERemoteBindingTransaction.m */,
				0C25CB0519C04BD200A5DC40 /* CRERemoteBinder.h */,
				0C25CB0619C04BD200A5DC40 /* CRERemoteBinder.m */,
			);
			name = "Remote resource binding";
			sourceTree = "<group>";
		};
		0CB7A31019ADC31D0020FBD5 = {
			isa = PBXGroup;
			children = (
				0CB7A31C19ADC31D0020FBD5 /* BindKit */,
				0CB7A32619ADC31D0020FBD5 /* BindKitTests */,
				0CB7A31B19ADC31D0020FBD5 /* Products */,
			);
			sourceTree = "<group>";
		};
		0CB7A31B19ADC31D0020FBD5 /* Products */ = {
			isa = PBXGroup;
			children = (
				0CB7A31A19ADC31D0020FBD5 /* BindKit.framework */,
				0CB7A32519ADC31D0020FBD5 /* BindKitTests.xctest */,
			);
			name = Products;
			sourceTree = "<group>";
		};
		0CB7A31C19ADC31D0020FBD5 /* BindKit */ = {
			isa = PBXGroup;
			children = (
				0CB7A31F19ADC31D0020FBD5 /* BindKit.h */,
				0CB7A35B19ADED1C0020FBD5 /* Binders */,
				0CB7A31D19ADC31D0020FBD5 /* Supporting Files */,
			);
			path = BindKit;
			sourceTree = "<group>";
		};
		0CB7A31D19ADC31D0020FBD5 /* Supporting Files */ = {
			isa = PBXGroup;
			children = (
				0CB7A31E19ADC31D0020FBD5 /* Info.plist */,
			);
			name = "Supporting Files";
			sourceTree = "<group>";
		};
		0CB7A32619ADC31D0020FBD5 /* BindKitTests */ = {
			isa = PBXGroup;
			children = (
				0CB7A32919ADC31D0020FBD5 /* BindKitTests.m */,
				0C25CB0919C0618700A5DC40 /* BindKitRemoteTests.m */,
				0CF7B40719C09414001E1678 /* Help */,
				0CB7A32719ADC31D0020FBD5 /* Supporting Files */,
			);
			path = BindKitTests;
			sourceTree = "<group>";
		};
		0CB7A32719ADC31D0020FBD5 /* Supporting Files */ = {
			isa = PBXGroup;
			children = (
				0C9DB15F19C181A6003548FC /* Social.framework */,
				0CB7A32819ADC31D0020FBD5 /* Info.plist */,
				0C9DB16219C18D1C003548FC /* Accounts.framework */,
			);
			name = "Supporting Files";
			sourceTree = "<group>";
		};
		0CB7A35B19ADED1C0020FBD5 /* Binders */ = {
			isa = PBXGroup;
			children = (
				0CB7A35719ADED160020FBD5 /* CREBinder.h */,
				0CB7A35819ADED160020FBD5 /* CREBinder.m */,
				0CBE0E8019AF7644007AE6DD /* CREBindingTransaction.h */,
				0CBE0E8119AF7644007AE6DD /* CREBindingTransaction.m */,
				0C25CB0419C04B7A00A5DC40 /* Remote resource binding */,
				0CB7A35E19AE0BC20020FBD5 /* NSError+BinderKit.h */,
				0CB7A35F19AE0BC20020FBD5 /* NSError+BinderKit.m */,
				0C08D9F119B0BCD2008E27F6 /* CREBindingUnit.h */,
				0C08D9F219B0BCD2008E27F6 /* CREBindingUnit.m */,
			);
			name = Binders;
			sourceTree = "<group>";
		};
		0CF7B40719C09414001E1678 /* Help */ = {
			isa = PBXGroup;
			children = (
				0CF7B40419C0940B001E1678 /* CREBindTestHelper.h */,
				0CF7B40519C0940B001E1678 /* CREBindTestHelper.m */,
			);
			name = Help;
			sourceTree = "<group>";
		};
/* End PBXGroup section */

/* Begin PBXHeadersBuildPhase section */
		0CB7A31719ADC31D0020FBD5 /* Headers */ = {
			isa = PBXHeadersBuildPhase;
			buildActionMask = 2147483647;
			files = (
				0CB7A35919ADED160020FBD5 /* CREBinder.h in Headers */,
				0CBE0E8219AF7644007AE6DD /* CREBindingTransaction.h in Headers */,
				0CB7A36019AE0BC20020FBD5 /* NSError+BinderKit.h in Headers */,
				0C25CB0719C04BD300A5DC40 /* CRERemoteBinder.h in Headers */,
				0C08D9F319B0BCD2008E27F6 /* CREBindingUnit.h in Headers */,
				0CDE521219B639BE00412662 /* CRERemoteBindingTransaction.h in Headers */,
				0CB7A32019ADC31D0020FBD5 /* BindKit.h in Headers */,
			);
			runOnlyForDeploymentPostprocessing = 0;
		};
/* End PBXHeadersBuildPhase section */

/* Begin PBXNativeTarget section */
		0CB7A31919ADC31D0020FBD5 /* BindKit */ = {
			isa = PBXNativeTarget;
			buildConfigurationList = 0CB7A32D19ADC31D0020FBD5 /* Build configuration list for PBXNativeTarget "BindKit" */;
			buildPhases = (
				0CB7A31519ADC31D0020FBD5 /* Sources */,
				0CB7A31619ADC31D0020FBD5 /* Frameworks */,
				0CB7A31719ADC31D0020FBD5 /* Headers */,
				0CB7A31819ADC31D0020FBD5 /* Resources */,
			);
			buildRules = (
			);
			dependencies = (
			);
			name = BindKit;
			productName = BindKit;
			productReference = 0CB7A31A19ADC31D0020FBD5 /* BindKit.framework */;
			productType = "com.apple.product-type.framework";
		};
		0CB7A32419ADC31D0020FBD5 /* BindKitTests */ = {
			isa = PBXNativeTarget;
			buildConfigurationList = 0CB7A33019ADC31D0020FBD5 /* Build configuration list for PBXNativeTarget "BindKitTests" */;
			buildPhases = (
				0CB7A32119ADC31D0020FBD5 /* Sources */,
				0CB7A32219ADC31D0020FBD5 /* Frameworks */,
				0CB7A32319ADC31D0020FBD5 /* Resources */,
			);
			buildRules = (
			);
			dependencies = (
			);
			name = BindKitTests;
			productName = BindKitTests;
			productReference = 0CB7A32519ADC31D0020FBD5 /* BindKitTests.xctest */;
			productType = "com.apple.product-type.bundle.unit-test";
		};
/* End PBXNativeTarget section */

/* Begin PBXProject section */
		0CB7A31119ADC31D0020FBD5 /* Project object */ = {
			isa = PBXProject;
			attributes = {
				LastUpgradeCheck = 0600;
				ORGANIZATIONNAME = "Creatub Ltd.";
				TargetAttributes = {
					0CB7A31919ADC31D0020FBD5 = {
						CreatedOnToolsVersion = 6.0;
					};
					0CB7A32419ADC31D0020FBD5 = {
						CreatedOnToolsVersion = 6.0;
					};
				};
			};
			buildConfigurationList = 0CB7A31419ADC31D0020FBD5 /* Build configuration list for PBXProject "BindKit" */;
			compatibilityVersion = "Xcode 3.2";
			developmentRegion = English;
			hasScannedForEncodings = 0;
			knownRegions = (
				en,
			);
			mainGroup = 0CB7A31019ADC31D0020FBD5;
			productRefGroup = 0CB7A31B19ADC31D0020FBD5 /* Products */;
			projectDirPath = "";
			projectRoot = "";
			targets = (
				0CB7A31919ADC31D0020FBD5 /* BindKit */,
				0CB7A32419ADC31D0020FBD5 /* BindKitTests */,
			);
		};
/* End PBXProject section */

/* Begin PBXResourcesBuildPhase section */
		0CB7A31819ADC31D0020FBD5 /* Resources */ = {
			isa = PBXResourcesBuildPhase;
			buildActionMask = 2147483647;
			files = (
			);
			runOnlyForDeploymentPostprocessing = 0;
		};
		0CB7A32319ADC31D0020FBD5 /* Resources */ = {
			isa = PBXResourcesBuildPhase;
			buildActionMask = 2147483647;
			files = (
			);
			runOnlyForDeploymentPostprocessing = 0;
		};
/* End PBXResourcesBuildPhase section */

/* Begin PBXSourcesBuildPhase section */
		0CB7A31519ADC31D0020FBD5 /* Sources */ = {
			isa = PBXSourcesBuildPhase;
			buildActionMask = 2147483647;
			files = (
				0C08D9F419B0BCD2008E27F6 /* CREBindingUnit.m in Sources */,
				0CB7A36119AE0BC20020FBD5 /* NSError+BinderKit.m in Sources */,
				0CB7A35A19ADED160020FBD5 /* CREBinder.m in Sources */,
				0CBE0E8319AF7644007AE6DD /* CREBindingTransaction.m in Sources */,
				0C25CB0819C04BD300A5DC40 /* CRERemoteBinder.m in Sources */,
				0CDE521319B639BE00412662 /* CRERemoteBindingTransaction.m in Sources */,
			);
			runOnlyForDeploymentPostprocessing = 0;
		};
		0CB7A32119ADC31D0020FBD5 /* Sources */ = {
			isa = PBXSourcesBuildPhase;
			buildActionMask = 2147483647;
			files = (
				0CF7B40919C09AAF001E1678 /* CREBindTestHelper.m in Sources */,
				0CB7A32A19ADC31D0020FBD5 /* BindKitTests.m in Sources */,
				0C25CB0A19C0618700A5DC40 /* BindKitRemoteTests.m in Sources */,
			);
			runOnlyForDeploymentPostprocessing = 0;
		};
/* End PBXSourcesBuildPhase section */

/* Begin XCBuildConfiguration section */
		0CB7A32B19ADC31D0020FBD5 /* Debug */ = {
			isa = XCBuildConfiguration;
			buildSettings = {
				ALWAYS_SEARCH_USER_PATHS = NO;
				CLANG_CXX_LANGUAGE_STANDARD = "gnu++0x";
				CLANG_CXX_LIBRARY = "libc++";
				CLANG_ENABLE_MODULES = YES;
				CLANG_ENABLE_OBJC_ARC = YES;
				CLANG_WARN_BOOL_CONVERSION = YES;
				CLANG_WARN_CONSTANT_CONVERSION = YES;
				CLANG_WARN_DIRECT_OBJC_ISA_USAGE = YES_ERROR;
				CLANG_WARN_EMPTY_BODY = YES;
				CLANG_WARN_ENUM_CONVERSION = YES;
				CLANG_WARN_INT_CONVERSION = YES;
				CLANG_WARN_OBJC_ROOT_CLASS = YES_ERROR;
				CLANG_WARN_UNREACHABLE_CODE = YES;
				CLANG_WARN__DUPLICATE_METHOD_MATCH = YES;
				"CODE_SIGN_IDENTITY[sdk=iphoneos*]" = "iPhone Developer";
				COPY_PHASE_STRIP = NO;
				CURRENT_PROJECT_VERSION = 1;
				ENABLE_STRICT_OBJC_MSGSEND = YES;
				GCC_C_LANGUAGE_STANDARD = gnu99;
				GCC_DYNAMIC_NO_PIC = NO;
				GCC_OPTIMIZATION_LEVEL = 0;
				GCC_PREPROCESSOR_DEFINITIONS = (
					"DEBUG=1",
					"$(inherited)",
				);
				GCC_SYMBOLS_PRIVATE_EXTERN = NO;
				GCC_WARN_64_TO_32_BIT_CONVERSION = YES;
				GCC_WARN_ABOUT_RETURN_TYPE = YES_ERROR;
				GCC_WARN_UNDECLARED_SELECTOR = YES;
				GCC_WARN_UNINITIALIZED_AUTOS = YES_AGGRESSIVE;
				GCC_WARN_UNUSED_FUNCTION = YES;
				GCC_WARN_UNUSED_VARIABLE = YES;
				IPHONEOS_DEPLOYMENT_TARGET = 8.0;
				MTL_ENABLE_DEBUG_INFO = YES;
				ONLY_ACTIVE_ARCH = YES;
				PUBLIC_HEADERS_FOLDER_PATH = BindKit;
				SDKROOT = iphoneos;
				TARGETED_DEVICE_FAMILY = "1,2";
				VERSIONING_SYSTEM = "apple-generic";
				VERSION_INFO_PREFIX = "";
			};
			name = Debug;
		};
		0CB7A32C19ADC31D0020FBD5 /* Release */ = {
			isa = XCBuildConfiguration;
			buildSettings = {
				ALWAYS_SEARCH_USER_PATHS = NO;
				CLANG_CXX_LANGUAGE_STANDARD = "gnu++0x";
				CLANG_CXX_LIBRARY = "libc++";
				CLANG_ENABLE_MODULES = YES;
				CLANG_ENABLE_OBJC_ARC = YES;
				CLANG_WARN_BOOL_CONVERSION = YES;
				CLANG_WARN_CONSTANT_CONVERSION = YES;
				CLANG_WARN_DIRECT_OBJC_ISA_USAGE = YES_ERROR;
				CLANG_WARN_EMPTY_BODY = YES;
				CLANG_WARN_ENUM_CONVERSION = YES;
				CLANG_WARN_INT_CONVERSION = YES;
				CLANG_WARN_OBJC_ROOT_CLASS = YES_ERROR;
				CLANG_WARN_UNREACHABLE_CODE = YES;
				CLANG_WARN__DUPLICATE_METHOD_MATCH = YES;
				"CODE_SIGN_IDENTITY[sdk=iphoneos*]" = "iPhone Developer";
				COPY_PHASE_STRIP = YES;
				CURRENT_PROJECT_VERSION = 1;
				ENABLE_NS_ASSERTIONS = NO;
				ENABLE_STRICT_OBJC_MSGSEND = YES;
				GCC_C_LANGUAGE_STANDARD = gnu99;
				GCC_WARN_64_TO_32_BIT_CONVERSION = YES;
				GCC_WARN_ABOUT_RETURN_TYPE = YES_ERROR;
				GCC_WARN_UNDECLARED_SELECTOR = YES;
				GCC_WARN_UNINITIALIZED_AUTOS = YES_AGGRESSIVE;
				GCC_WARN_UNUSED_FUNCTION = YES;
				GCC_WARN_UNUSED_VARIABLE = YES;
				IPHONEOS_DEPLOYMENT_TARGET = 8.0;
				MTL_ENABLE_DEBUG_INFO = NO;
				PUBLIC_HEADERS_FOLDER_PATH = BindKit;
				SDKROOT = iphoneos;
				TARGETED_DEVICE_FAMILY = "1,2";
				VALIDATE_PRODUCT = YES;
				VERSIONING_SYSTEM = "apple-generic";
				VERSION_INFO_PREFIX = "";
			};
			name = Release;
		};
		0CB7A32E19ADC31D0020FBD5 /* Debug */ = {
			isa = XCBuildConfiguration;
			buildSettings = {
				DEFINES_MODULE = YES;
				DYLIB_COMPATIBILITY_VERSION = 1;
				DYLIB_CURRENT_VERSION = 1;
				DYLIB_INSTALL_NAME_BASE = "@rpath";
				INFOPLIST_FILE = BindKit/Info.plist;
				INSTALL_PATH = "$(LOCAL_LIBRARY_DIR)/Frameworks";
				IPHONEOS_DEPLOYMENT_TARGET = 7.0;
				LD_RUNPATH_SEARCH_PATHS = "$(inherited) @executable_path/Frameworks @loader_path/Frameworks";
				PRODUCT_NAME = "$(TARGET_NAME)";
				SKIP_INSTALL = YES;
			};
			name = Debug;
		};
		0CB7A32F19ADC31D0020FBD5 /* Release */ = {
			isa = XCBuildConfiguration;
			buildSettings = {
				DEFINES_MODULE = YES;
				DYLIB_COMPATIBILITY_VERSION = 1;
				DYLIB_CURRENT_VERSION = 1;
				DYLIB_INSTALL_NAME_BASE = "@rpath";
				INFOPLIST_FILE = BindKit/Info.plist;
				INSTALL_PATH = "$(LOCAL_LIBRARY_DIR)/Frameworks";
				IPHONEOS_DEPLOYMENT_TARGET = 7.0;
				LD_RUNPATH_SEARCH_PATHS = "$(inherited) @executable_path/Frameworks @loader_path/Frameworks";
				PRODUCT_NAME = "$(TARGET_NAME)";
				SKIP_INSTALL = YES;
			};
			name = Release;
		};
		0CB7A33119ADC31D0020FBD5 /* Debug */ = {
			isa = XCBuildConfiguration;
			buildSettings = {
				FRAMEWORK_SEARCH_PATHS = (
					"$(SDKROOT)/Developer/Library/Frameworks",
					"$(inherited)",
				);
				GCC_PREPROCESSOR_DEFINITIONS = (
					"DEBUG=1",
					"$(inherited)",
				);
				INFOPLIST_FILE = BindKitTests/Info.plist;
				LD_RUNPATH_SEARCH_PATHS = "$(inherited) @executable_path/Frameworks @loader_path/Frameworks";
				PRODUCT_NAME = "$(TARGET_NAME)";
			};
			name = Debug;
		};
		0CB7A33219ADC31D0020FBD5 /* Release */ = {
			isa = XCBuildConfiguration;
			buildSettings = {
				FRAMEWORK_SEARCH_PATHS = (
					"$(SDKROOT)/Developer/Library/Frameworks",
					"$(inherited)",
				);
				INFOPLIST_FILE = BindKitTests/Info.plist;
				LD_RUNPATH_SEARCH_PATHS = "$(inherited) @executable_path/Frameworks @loader_path/Frameworks";
				PRODUCT_NAME = "$(TARGET_NAME)";
			};
			name = Release;
		};
/* End XCBuildConfiguration section */

/* Begin XCConfigurationList section */
		0CB7A31419ADC31D0020FBD5 /* Build configuration list for PBXProject "BindKit" */ = {
			isa = XCConfigurationList;
			buildConfigurations = (
				0CB7A32B19ADC31D0020FBD5 /* Debug */,
				0CB7A32C19ADC31D0020FBD5 /* Release */,
			);
			defaultConfigurationIsVisible = 0;
			defaultConfigurationName = Release;
		};
		0CB7A32D19ADC31D0020FBD5 /* Build configuration list for PBXNativeTarget "BindKit" */ = {
			isa = XCConfigurationList;
			buildConfigurations = (
				0CB7A32E19ADC31D0020FBD5 /* Debug */,
				0CB7A32F19ADC31D0020FBD5 /* Release */,
			);
			defaultConfigurationIsVisible = 0;
			defaultConfigurationName = Release;
		};
		0CB7A33019ADC31D0020FBD5 /* Build configuration list for PBXNativeTarget "BindKitTests" */ = {
			isa = XCConfigurationList;
			buildConfigurations = (
				0CB7A33119ADC31D0020FBD5 /* Debug */,
				0CB7A33219ADC31D0020FBD5 /* Release */,
			);
			defaultConfigurationIsVisible = 0;
			defaultConfigurationName = Release;
		};
/* End XCConfigurationList section */
	};
	rootObject = 0CB7A31119ADC31D0020FBD5 /* Project object */;
}
